
Microsoft Visual Studio Solution File, Format Version 12.00
# Visual Studio Version 16
VisualStudioVersion = 16.0.29920.165
MinimumVisualStudioVersion = 10.0.40219.1
Project("{FAE04EC0-301F-11D3-BF4B-00C04F79EFBC}") = "UploadFilesAngularAspNetCore", "UploadFilesAngularAspNetCore\UploadFilesAngularAspNetCore.csproj", "{0535ADEF-5B2C-4EF2-96D0-EDC5F0994587}"
EndProject
Global
	GlobalSection(SolutionConfigurationPlatforms) = preSolution
		Debug|Any CPU = Debug|Any CPU
		Release|Any CPU = Release|Any CPU
	EndGlobalSection
	GlobalSection(ProjectConfigurationPlatforms) = postSolution
		{0535ADEF-5B2C-4EF2-96D0-EDC5F0994587}.Debug|Any CPU.ActiveCfg = Debug|Any CPU
		{0535ADEF-5B2C-4EF2-96D0-EDC5F0994587}.Debug|Any CPU.Build.0 = Debug|Any CPU
		{0535ADEF-5B2C-4EF2-96D0-EDC5F0994587}.Release|Any CPU.ActiveCfg = Release|Any CPU
		{0535ADEF-5B2C-4EF2-96D0-EDC5F0994587}.Release|Any CPU.Build.0 = Release|Any CPU
	EndGlobalSection
	GlobalSection(SolutionProperties) = preSolution
		HideSolutionNode = FALSE
	EndGlobalSection
	GlobalSection(ExtensibilityGlobals) = postSolution
		SolutionGuid = {587C407F-CE37-4D40-9292-5DC43961CC9F}
	EndGlobalSection
EndGlobal
